// !$*UTF8*$!
{
	archiveVersion = 1;
	classes = {
	};
	objectVersion = 54;
	objects = {

/* Begin PBXBuildFile section */
		00E356F31AD99517003FC87E /* MomTests.m in Sources */ = {isa = PBXBuildFile; fileRef = 00E356F21AD99517003FC87E /* MomTests.m */; };
		01EF6887C8324527BF98AE30 /* Poppins_SemiBold.ttf in Resources */ = {isa = PBXBuildFile; fileRef = CE5A77617DE9447A9C19ED1A /* Poppins_SemiBold.ttf */; };
		0C80B921A6F3F58F76C31292 /* libPods-Mom.a in Frameworks */ = {isa = PBXBuildFile; fileRef = 5DCACB8F33CDC322A6C60F78 /* libPods-Mom.a */; };
		0DB1FC309F1E44C8A8F37E88 /* Poppins_Medium.ttf in Resources */ = {isa = PBXBuildFile; fileRef = 93F8D80BFE6948579900F94E /* Poppins_Medium.ttf */; };
		11E4AB25CD0D40E6AD7A3B80 /* Poppins_Thin.ttf in Resources */ = {isa = PBXBuildFile; fileRef = F1731885AF8E4CC3BFC06F43 /* Poppins_Thin.ttf */; };
		13B07FBC1A68108700A75B9A /* AppDelegate.mm in Sources */ = {isa = PBXBuildFile; fileRef = 13B07FB01A68108700A75B9A /* AppDelegate.mm */; };
		13B07FBF1A68108700A75B9A /* Images.xcassets in Resources */ = {isa = PBXBuildFile; fileRef = 13B07FB51A68108700A75B9A /* Images.xcassets */; };
		13B07FC11A68108700A75B9A /* main.m in Sources */ = {isa = PBXBuildFile; fileRef = 13B07FB71A68108700A75B9A /* main.m */; };
		1B1BE87959E64D24BF8F1331 /* FSAlbertProNarrow.ttf in Resources */ = {isa = PBXBuildFile; fileRef = 182D69593D9446C79BB61D86 /* FSAlbertProNarrow.ttf */; };
		2959CF88E0A64C1F995397EC /* FSAlbertProNarrow_Thin.ttf in Resources */ = {isa = PBXBuildFile; fileRef = 9FB8325146964AF3B5CAD90E /* FSAlbertProNarrow_Thin.ttf */; };
		45CBE3CA2849544A0016C53C /* LaunchScreen.storyboard in Resources */ = {isa = PBXBuildFile; fileRef = 81AB9BB72411601600AC10FF /* LaunchScreen.storyboard */; };
		45FA2BF9284960A500B15979 /* Poppins-ExtraLight.ttf in Resources */ = {isa = PBXBuildFile; fileRef = 45FA2BE6284960A500B15979 /* Poppins-ExtraLight.ttf */; };
		45FA2BFB284960A500B15979 /* Poppins-ThinItalic.ttf in Resources */ = {isa = PBXBuildFile; fileRef = 45FA2BE7284960A500B15979 /* Poppins-ThinItalic.ttf */; };
		45FA2BFD284960A500B15979 /* Poppins-ExtraLightItalic.ttf in Resources */ = {isa = PBXBuildFile; fileRef = 45FA2BE8284960A500B15979 /* Poppins-ExtraLightItalic.ttf */; };
		45FA2BFF284960A500B15979 /* Poppins-BoldItalic.ttf in Resources */ = {isa = PBXBuildFile; fileRef = 45FA2BE9284960A500B15979 /* Poppins-BoldItalic.ttf */; };
		45FA2C01284960A500B15979 /* Poppins-Light.ttf in Resources */ = {isa = PBXBuildFile; fileRef = 45FA2BEA284960A500B15979 /* Poppins-Light.ttf */; };
		45FA2C03284960A500B15979 /* Poppins-Medium.ttf in Resources */ = {isa = PBXBuildFile; fileRef = 45FA2BEB284960A500B15979 /* Poppins-Medium.ttf */; };
		45FA2C05284960A500B15979 /* Poppins-SemiBoldItalic.ttf in Resources */ = {isa = PBXBuildFile; fileRef = 45FA2BEC284960A500B15979 /* Poppins-SemiBoldItalic.ttf */; };
		45FA2C07284960A500B15979 /* Poppins-ExtraBoldItalic.ttf in Resources */ = {isa = PBXBuildFile; fileRef = 45FA2BED284960A500B15979 /* Poppins-ExtraBoldItalic.ttf */; };
		45FA2C09284960A500B15979 /* Poppins-ExtraBold.ttf in Resources */ = {isa = PBXBuildFile; fileRef = 45FA2BEE284960A500B15979 /* Poppins-ExtraBold.ttf */; };
		45FA2C0B284960A500B15979 /* Poppins-BlackItalic.ttf in Resources */ = {isa = PBXBuildFile; fileRef = 45FA2BEF284960A500B15979 /* Poppins-BlackItalic.ttf */; };
		45FA2C0D284960A500B15979 /* Poppins-Regular.ttf in Resources */ = {isa = PBXBuildFile; fileRef = 45FA2BF0284960A500B15979 /* Poppins-Regular.ttf */; };
		45FA2C0F284960A500B15979 /* Poppins-LightItalic.ttf in Resources */ = {isa = PBXBuildFile; fileRef = 45FA2BF1284960A500B15979 /* Poppins-LightItalic.ttf */; };
		45FA2C11284960A500B15979 /* Poppins-Bold.ttf in Resources */ = {isa = PBXBuildFile; fileRef = 45FA2BF2284960A500B15979 /* Poppins-Bold.ttf */; };
		45FA2C13284960A500B15979 /* Poppins-Black.ttf in Resources */ = {isa = PBXBuildFile; fileRef = 45FA2BF3284960A500B15979 /* Poppins-Black.ttf */; };
		45FA2C15284960A500B15979 /* Poppins-Thin.ttf in Resources */ = {isa = PBXBuildFile; fileRef = 45FA2BF4284960A500B15979 /* Poppins-Thin.ttf */; };
		45FA2C17284960A500B15979 /* Poppins-SemiBold.ttf in Resources */ = {isa = PBXBuildFile; fileRef = 45FA2BF5284960A500B15979 /* Poppins-SemiBold.ttf */; };
		45FA2C19284960A500B15979 /* Poppins-Italic.ttf in Resources */ = {isa = PBXBuildFile; fileRef = 45FA2BF6284960A500B15979 /* Poppins-Italic.ttf */; };
		45FA2C1B284960A500B15979 /* Poppins-MediumItalic.ttf in Resources */ = {isa = PBXBuildFile; fileRef = 45FA2BF7284960A500B15979 /* Poppins-MediumItalic.ttf */; };
		45FA2C242849623400B15979 /* FSAlbertProNarrow-ThinItalic.ttf in Resources */ = {isa = PBXBuildFile; fileRef = 45FA2C1C2849623400B15979 /* FSAlbertProNarrow-ThinItalic.ttf */; };
		45FA2C262849623400B15979 /* FSAlbertProNarrow-Italic.ttf in Resources */ = {isa = PBXBuildFile; fileRef = 45FA2C1D2849623400B15979 /* FSAlbertProNarrow-Italic.ttf */; };
		45FA2C282849623400B15979 /* FSAlbertProNarrow-Bold.ttf in Resources */ = {isa = PBXBuildFile; fileRef = 45FA2C1E2849623400B15979 /* FSAlbertProNarrow-Bold.ttf */; };
		45FA2C2A2849623400B15979 /* FSAlbertProNarrow-Light.ttf in Resources */ = {isa = PBXBuildFile; fileRef = 45FA2C1F2849623400B15979 /* FSAlbertProNarrow-Light.ttf */; };
		45FA2C2C2849623400B15979 /* FSAlbertProNarrow-BoldItalic.ttf in Resources */ = {isa = PBXBuildFile; fileRef = 45FA2C202849623400B15979 /* FSAlbertProNarrow-BoldItalic.ttf */; };
		45FA2C2E2849623400B15979 /* FSAlbertProNarrow.ttf in Resources */ = {isa = PBXBuildFile; fileRef = 45FA2C212849623400B15979 /* FSAlbertProNarrow.ttf */; };
		45FA2C302849623400B15979 /* FSAlbertProNarrow-Thin.ttf in Resources */ = {isa = PBXBuildFile; fileRef = 45FA2C222849623400B15979 /* FSAlbertProNarrow-Thin.ttf */; };
		69693B53987B4E538B765B3D /* Poppins_BoldItalic.ttf in Resources */ = {isa = PBXBuildFile; fileRef = DF7D476DAD6046C0A8DA4E93 /* Poppins_BoldItalic.ttf */; };
		7699B88040F8A987B510C191 /* libPods-Mom-MomTests.a in Frameworks */ = {isa = PBXBuildFile; fileRef = 19F6CBCC0A4E27FBF8BF4A61 /* libPods-Mom-MomTests.a */; };
		81AB9BB82411601600AC10FF /* LaunchScreen.storyboard in Resources */ = {isa = PBXBuildFile; fileRef = 81AB9BB72411601600AC10FF /* LaunchScreen.storyboard */; };
		81B4B7D848B64830A8B79E64 /* Poppins_Regular.ttf in Resources */ = {isa = PBXBuildFile; fileRef = F7F719F362CF4884B861BF1D /* Poppins_Regular.ttf */; };
		8E711F34C6C0409DB2EA7551 /* FSAlbertProNarrow_Bold.ttf in Resources */ = {isa = PBXBuildFile; fileRef = E7BF71A32E004605B453492F /* FSAlbertProNarrow_Bold.ttf */; };
		945BF0B997A94511921A0342 /* FSAlbertProNarrow_BoldItalic.ttf in Resources */ = {isa = PBXBuildFile; fileRef = B80375A1A0344F4EA105C6DB /* FSAlbertProNarrow_BoldItalic.ttf */; };
		9CBC1EF7046F4E37BC21DAEA /* FSAlbertProNarrow_Light.ttf in Resources */ = {isa = PBXBuildFile; fileRef = 105B698114E148D99746EFD4 /* FSAlbertProNarrow_Light.ttf */; };
		A4E9875363A84E18BDD5634E /* Poppins_Bold.ttf in Resources */ = {isa = PBXBuildFile; fileRef = 49D9F45D639E4D1EA756D517 /* Poppins_Bold.ttf */; };
		AF9ACDCEC3224F86B3E5F881 /* FSAlbertProNarrow_Italic.ttf in Resources */ = {isa = PBXBuildFile; fileRef = 4EDF52651EE14CEBB73D19A7 /* FSAlbertProNarrow_Italic.ttf */; };
		C43C121347354C2BAB0E2509 /* Poppins_Italic.ttf in Resources */ = {isa = PBXBuildFile; fileRef = 9E98A5C2521C476D91B0AA87 /* Poppins_Italic.ttf */; };
		E1326558A7794369BA9B3732 /* Poppins_Light.ttf in Resources */ = {isa = PBXBuildFile; fileRef = 05B0E3EC559E4CC7981A745C /* Poppins_Light.ttf */; };
		E9095EC859DB454C9C66F225 /* Poppins_Black.ttf in Resources */ = {isa = PBXBuildFile; fileRef = 855C841AA34D4CF09F07EA6D /* Poppins_Black.ttf */; };
/* End PBXBuildFile section */

/* Begin PBXContainerItemProxy section */
		00E356F41AD99517003FC87E /* PBXContainerItemProxy */ = {
			isa = PBXContainerItemProxy;
			containerPortal = 83CBB9F71A601CBA00E9B192 /* Project object */;
			proxyType = 1;
			remoteGlobalIDString = 13B07F861A680F5B00A75B9A;
			remoteInfo = Mom;
		};
/* End PBXContainerItemProxy section */

/* Begin PBXFileReference section */
		00E356EE1AD99517003FC87E /* MomTests.xctest */ = {isa = PBXFileReference; explicitFileType = wrapper.cfbundle; includeInIndex = 0; path = MomTests.xctest; sourceTree = BUILT_PRODUCTS_DIR; };
		00E356F11AD99517003FC87E /* Info.plist */ = {isa = PBXFileReference; lastKnownFileType = text.plist.xml; path = Info.plist; sourceTree = "<group>"; };
		00E356F21AD99517003FC87E /* MomTests.m */ = {isa = PBXFileReference; lastKnownFileType = sourcecode.c.objc; path = MomTests.m; sourceTree = "<group>"; };
		05B0E3EC559E4CC7981A745C /* Poppins_Light.ttf */ = {isa = PBXFileReference; explicitFileType = undefined; fileEncoding = 9; includeInIndex = 0; lastKnownFileType = unknown; name = Poppins_Light.ttf; path = ../assets/fonts/Poppins_Light.ttf; sourceTree = "<group>"; };
		105B698114E148D99746EFD4 /* FSAlbertProNarrow_Light.ttf */ = {isa = PBXFileReference; explicitFileType = undefined; fileEncoding = 9; includeInIndex = 0; lastKnownFileType = unknown; name = FSAlbertProNarrow_Light.ttf; path = ../assets/fonts/FSAlbertProNarrow_Light.ttf; sourceTree = "<group>"; };
		13B07F961A680F5B00A75B9A /* U Mom.app */ = {isa = PBXFileReference; explicitFileType = wrapper.application; includeInIndex = 0; path = "U Mom.app"; sourceTree = BUILT_PRODUCTS_DIR; };
		13B07FAF1A68108700A75B9A /* AppDelegate.h */ = {isa = PBXFileReference; fileEncoding = 4; lastKnownFileType = sourcecode.c.h; name = AppDelegate.h; path = Mom/AppDelegate.h; sourceTree = "<group>"; };
		13B07FB01A68108700A75B9A /* AppDelegate.mm */ = {isa = PBXFileReference; fileEncoding = 4; lastKnownFileType = sourcecode.cpp.objcpp; name = AppDelegate.mm; path = Mom/AppDelegate.mm; sourceTree = "<group>"; };
		13B07FB51A68108700A75B9A /* Images.xcassets */ = {isa = PBXFileReference; lastKnownFileType = folder.assetcatalog; name = Images.xcassets; path = Mom/Images.xcassets; sourceTree = "<group>"; };
		13B07FB61A68108700A75B9A /* Info.plist */ = {isa = PBXFileReference; fileEncoding = 4; lastKnownFileType = text.plist.xml; name = Info.plist; path = Mom/Info.plist; sourceTree = "<group>"; };
		13B07FB71A68108700A75B9A /* main.m */ = {isa = PBXFileReference; fileEncoding = 4; lastKnownFileType = sourcecode.c.objc; name = main.m; path = Mom/main.m; sourceTree = "<group>"; };
		182D69593D9446C79BB61D86 /* FSAlbertProNarrow.ttf */ = {isa = PBXFileReference; explicitFileType = undefined; fileEncoding = 9; includeInIndex = 0; lastKnownFileType = unknown; name = FSAlbertProNarrow.ttf; path = ../assets/fonts/FSAlbertProNarrow.ttf; sourceTree = "<group>"; };
		19F6CBCC0A4E27FBF8BF4A61 /* libPods-Mom-MomTests.a */ = {isa = PBXFileReference; explicitFileType = archive.ar; includeInIndex = 0; path = "libPods-Mom-MomTests.a"; sourceTree = BUILT_PRODUCTS_DIR; };
		21C6EDBBA7F247A19C36560D /* FontAwesome5_Regular.ttf */ = {isa = PBXFileReference; explicitFileType = undefined; fileEncoding = 9; includeInIndex = 0; lastKnownFileType = unknown; name = FontAwesome5_Regular.ttf; path = "../node_modules/react-native-vector-icons/Fonts/FontAwesome5_Regular.ttf"; sourceTree = "<group>"; };
		3AB35AB2D45B4497904D9043 /* Feather.ttf */ = {isa = PBXFileReference; explicitFileType = undefined; fileEncoding = 9; includeInIndex = 0; lastKnownFileType = unknown; name = Feather.ttf; path = "../node_modules/react-native-vector-icons/Fonts/Feather.ttf"; sourceTree = "<group>"; };
		3B4392A12AC88292D35C810B /* Pods-Mom.debug.xcconfig */ = {isa = PBXFileReference; includeInIndex = 1; lastKnownFileType = text.xcconfig; name = "Pods-Mom.debug.xcconfig"; path = "Target Support Files/Pods-Mom/Pods-Mom.debug.xcconfig"; sourceTree = "<group>"; };
		40F1FDCEA62F4524998079AE /* Octicons.ttf */ = {isa = PBXFileReference; explicitFileType = undefined; fileEncoding = 9; includeInIndex = 0; lastKnownFileType = unknown; name = Octicons.ttf; path = "../node_modules/react-native-vector-icons/Fonts/Octicons.ttf"; sourceTree = "<group>"; };
		45FA2BE6284960A500B15979 /* Poppins-ExtraLight.ttf */ = {isa = PBXFileReference; lastKnownFileType = file; path = "Poppins-ExtraLight.ttf"; sourceTree = "<group>"; };
		45FA2BE7284960A500B15979 /* Poppins-ThinItalic.ttf */ = {isa = PBXFileReference; lastKnownFileType = file; path = "Poppins-ThinItalic.ttf"; sourceTree = "<group>"; };
		45FA2BE8284960A500B15979 /* Poppins-ExtraLightItalic.ttf */ = {isa = PBXFileReference; lastKnownFileType = file; path = "Poppins-ExtraLightItalic.ttf"; sourceTree = "<group>"; };
		45FA2BE9284960A500B15979 /* Poppins-BoldItalic.ttf */ = {isa = PBXFileReference; lastKnownFileType = file; path = "Poppins-BoldItalic.ttf"; sourceTree = "<group>"; };
		45FA2BEA284960A500B15979 /* Poppins-Light.ttf */ = {isa = PBXFileReference; lastKnownFileType = file; path = "Poppins-Light.ttf"; sourceTree = "<group>"; };
		45FA2BEB284960A500B15979 /* Poppins-Medium.ttf */ = {isa = PBXFileReference; lastKnownFileType = file; path = "Poppins-Medium.ttf"; sourceTree = "<group>"; };
		45FA2BEC284960A500B15979 /* Poppins-SemiBoldItalic.ttf */ = {isa = PBXFileReference; lastKnownFileType = file; path = "Poppins-SemiBoldItalic.ttf"; sourceTree = "<group>"; };
		45FA2BED284960A500B15979 /* Poppins-ExtraBoldItalic.ttf */ = {isa = PBXFileReference; lastKnownFileType = file; path = "Poppins-ExtraBoldItalic.ttf"; sourceTree = "<group>"; };
		45FA2BEE284960A500B15979 /* Poppins-ExtraBold.ttf */ = {isa = PBXFileReference; lastKnownFileType = file; path = "Poppins-ExtraBold.ttf"; sourceTree = "<group>"; };
		45FA2BEF284960A500B15979 /* Poppins-BlackItalic.ttf */ = {isa = PBXFileReference; lastKnownFileType = file; path = "Poppins-BlackItalic.ttf"; sourceTree = "<group>"; };
		45FA2BF0284960A500B15979 /* Poppins-Regular.ttf */ = {isa = PBXFileReference; lastKnownFileType = file; path = "Poppins-Regular.ttf"; sourceTree = "<group>"; };
		45FA2BF1284960A500B15979 /* Poppins-LightItalic.ttf */ = {isa = PBXFileReference; lastKnownFileType = file; path = "Poppins-LightItalic.ttf"; sourceTree = "<group>"; };
		45FA2BF2284960A500B15979 /* Poppins-Bold.ttf */ = {isa = PBXFileReference; lastKnownFileType = file; path = "Poppins-Bold.ttf"; sourceTree = "<group>"; };
		45FA2BF3284960A500B15979 /* Poppins-Black.ttf */ = {isa = PBXFileReference; lastKnownFileType = file; path = "Poppins-Black.ttf"; sourceTree = "<group>"; };
		45FA2BF4284960A500B15979 /* Poppins-Thin.ttf */ = {isa = PBXFileReference; lastKnownFileType = file; path = "Poppins-Thin.ttf"; sourceTree = "<group>"; };
		45FA2BF5284960A500B15979 /* Poppins-SemiBold.ttf */ = {isa = PBXFileReference; lastKnownFileType = file; path = "Poppins-SemiBold.ttf"; sourceTree = "<group>"; };
		45FA2BF6284960A500B15979 /* Poppins-Italic.ttf */ = {isa = PBXFileReference; lastKnownFileType = file; path = "Poppins-Italic.ttf"; sourceTree = "<group>"; };
		45FA2BF7284960A500B15979 /* Poppins-MediumItalic.ttf */ = {isa = PBXFileReference; lastKnownFileType = file; path = "Poppins-MediumItalic.ttf"; sourceTree = "<group>"; };
		45FA2C1C2849623400B15979 /* FSAlbertProNarrow-ThinItalic.ttf */ = {isa = PBXFileReference; lastKnownFileType = file; path = "FSAlbertProNarrow-ThinItalic.ttf"; sourceTree = "<group>"; };
		45FA2C1D2849623400B15979 /* FSAlbertProNarrow-Italic.ttf */ = {isa = PBXFileReference; lastKnownFileType = file; path = "FSAlbertProNarrow-Italic.ttf"; sourceTree = "<group>"; };
		45FA2C1E2849623400B15979 /* FSAlbertProNarrow-Bold.ttf */ = {isa = PBXFileReference; lastKnownFileType = file; path = "FSAlbertProNarrow-Bold.ttf"; sourceTree = "<group>"; };
		45FA2C1F2849623400B15979 /* FSAlbertProNarrow-Light.ttf */ = {isa = PBXFileReference; lastKnownFileType = file; path = "FSAlbertProNarrow-Light.ttf"; sourceTree = "<group>"; };
		45FA2C202849623400B15979 /* FSAlbertProNarrow-BoldItalic.ttf */ = {isa = PBXFileReference; lastKnownFileType = file; path = "FSAlbertProNarrow-BoldItalic.ttf"; sourceTree = "<group>"; };
		45FA2C212849623400B15979 /* FSAlbertProNarrow.ttf */ = {isa = PBXFileReference; lastKnownFileType = file; path = FSAlbertProNarrow.ttf; sourceTree = "<group>"; };
		45FA2C222849623400B15979 /* FSAlbertProNarrow-Thin.ttf */ = {isa = PBXFileReference; lastKnownFileType = file; path = "FSAlbertProNarrow-Thin.ttf"; sourceTree = "<group>"; };
		49D9F45D639E4D1EA756D517 /* Poppins_Bold.ttf */ = {isa = PBXFileReference; explicitFileType = undefined; fileEncoding = 9; includeInIndex = 0; lastKnownFileType = unknown; name = Poppins_Bold.ttf; path = ../assets/fonts/Poppins_Bold.ttf; sourceTree = "<group>"; };
		4C65AC700D58407E973F976F /* AntDesign.ttf */ = {isa = PBXFileReference; explicitFileType = undefined; fileEncoding = 9; includeInIndex = 0; lastKnownFileType = unknown; name = AntDesign.ttf; path = "../node_modules/react-native-vector-icons/Fonts/AntDesign.ttf"; sourceTree = "<group>"; };
		4EDF52651EE14CEBB73D19A7 /* FSAlbertProNarrow_Italic.ttf */ = {isa = PBXFileReference; explicitFileType = undefined; fileEncoding = 9; includeInIndex = 0; lastKnownFileType = unknown; name = FSAlbertProNarrow_Italic.ttf; path = ../assets/fonts/FSAlbertProNarrow_Italic.ttf; sourceTree = "<group>"; };
		5395E5831FC54461A4703E16 /* Fontisto.ttf */ = {isa = PBXFileReference; explicitFileType = undefined; fileEncoding = 9; includeInIndex = 0; lastKnownFileType = unknown; name = Fontisto.ttf; path = "../node_modules/react-native-vector-icons/Fonts/Fontisto.ttf"; sourceTree = "<group>"; };
		5709B34CF0A7D63546082F79 /* Pods-Mom.release.xcconfig */ = {isa = PBXFileReference; includeInIndex = 1; lastKnownFileType = text.xcconfig; name = "Pods-Mom.release.xcconfig"; path = "Target Support Files/Pods-Mom/Pods-Mom.release.xcconfig"; sourceTree = "<group>"; };
		5B7EB9410499542E8C5724F5 /* Pods-Mom-MomTests.debug.xcconfig */ = {isa = PBXFileReference; includeInIndex = 1; lastKnownFileType = text.xcconfig; name = "Pods-Mom-MomTests.debug.xcconfig"; path = "Target Support Files/Pods-Mom-MomTests/Pods-Mom-MomTests.debug.xcconfig"; sourceTree = "<group>"; };
		5DCACB8F33CDC322A6C60F78 /* libPods-Mom.a */ = {isa = PBXFileReference; explicitFileType = archive.ar; includeInIndex = 0; path = "libPods-Mom.a"; sourceTree = BUILT_PRODUCTS_DIR; };
		62BB9AFE5EA7457C81BA53BF /* MaterialIcons.ttf */ = {isa = PBXFileReference; explicitFileType = undefined; fileEncoding = 9; includeInIndex = 0; lastKnownFileType = unknown; name = MaterialIcons.ttf; path = "../node_modules/react-native-vector-icons/Fonts/MaterialIcons.ttf"; sourceTree = "<group>"; };
		6703D60E789E4AEE88101E41 /* FontAwesome5_Solid.ttf */ = {isa = PBXFileReference; explicitFileType = undefined; fileEncoding = 9; includeInIndex = 0; lastKnownFileType = unknown; name = FontAwesome5_Solid.ttf; path = "../node_modules/react-native-vector-icons/Fonts/FontAwesome5_Solid.ttf"; sourceTree = "<group>"; };
		683B697F19AA4796BFA16398 /* MaterialCommunityIcons.ttf */ = {isa = PBXFileReference; explicitFileType = undefined; fileEncoding = 9; includeInIndex = 0; lastKnownFileType = unknown; name = MaterialCommunityIcons.ttf; path = "../node_modules/react-native-vector-icons/Fonts/MaterialCommunityIcons.ttf"; sourceTree = "<group>"; };
		6BA41BDDA8B746AB825CFCE3 /* Zocial.ttf */ = {isa = PBXFileReference; explicitFileType = undefined; fileEncoding = 9; includeInIndex = 0; lastKnownFileType = unknown; name = Zocial.ttf; path = "../node_modules/react-native-vector-icons/Fonts/Zocial.ttf"; sourceTree = "<group>"; };
		6E933B3832954783B977E56B /* Ionicons.ttf */ = {isa = PBXFileReference; explicitFileType = undefined; fileEncoding = 9; includeInIndex = 0; lastKnownFileType = unknown; name = Ionicons.ttf; path = "../node_modules/react-native-vector-icons/Fonts/Ionicons.ttf"; sourceTree = "<group>"; };
		74D6DC6BA05D4B4E9BF69E88 /* EvilIcons.ttf */ = {isa = PBXFileReference; explicitFileType = undefined; fileEncoding = 9; includeInIndex = 0; lastKnownFileType = unknown; name = EvilIcons.ttf; path = "../node_modules/react-native-vector-icons/Fonts/EvilIcons.ttf"; sourceTree = "<group>"; };
		81AB9BB72411601600AC10FF /* LaunchScreen.storyboard */ = {isa = PBXFileReference; fileEncoding = 4; lastKnownFileType = file.storyboard; name = LaunchScreen.storyboard; path = Mom/LaunchScreen.storyboard; sourceTree = "<group>"; };
		83985E56B1AC4F41B3A44BE4 /* FontAwesome5_Brands.ttf */ = {isa = PBXFileReference; explicitFileType = undefined; fileEncoding = 9; includeInIndex = 0; lastKnownFileType = unknown; name = FontAwesome5_Brands.ttf; path = "../node_modules/react-native-vector-icons/Fonts/FontAwesome5_Brands.ttf"; sourceTree = "<group>"; };
		855C841AA34D4CF09F07EA6D /* Poppins_Black.ttf */ = {isa = PBXFileReference; explicitFileType = undefined; fileEncoding = 9; includeInIndex = 0; lastKnownFileType = unknown; name = Poppins_Black.ttf; path = ../assets/fonts/Poppins_Black.ttf; sourceTree = "<group>"; };
		89C6BE57DB24E9ADA2F236DE /* Pods-Mom-MomTests.release.xcconfig */ = {isa = PBXFileReference; includeInIndex = 1; lastKnownFileType = text.xcconfig; name = "Pods-Mom-MomTests.release.xcconfig"; path = "Target Support Files/Pods-Mom-MomTests/Pods-Mom-MomTests.release.xcconfig"; sourceTree = "<group>"; };
		8AC8FC2C56784FD1A92D87D9 /* SimpleLineIcons.ttf */ = {isa = PBXFileReference; explicitFileType = undefined; fileEncoding = 9; includeInIndex = 0; lastKnownFileType = unknown; name = SimpleLineIcons.ttf; path = "../node_modules/react-native-vector-icons/Fonts/SimpleLineIcons.ttf"; sourceTree = "<group>"; };
		8EE892714A574B9485A8644C /* Entypo.ttf */ = {isa = PBXFileReference; explicitFileType = undefined; fileEncoding = 9; includeInIndex = 0; lastKnownFileType = unknown; name = Entypo.ttf; path = "../node_modules/react-native-vector-icons/Fonts/Entypo.ttf"; sourceTree = "<group>"; };
		93F8D80BFE6948579900F94E /* Poppins_Medium.ttf */ = {isa = PBXFileReference; explicitFileType = undefined; fileEncoding = 9; includeInIndex = 0; lastKnownFileType = unknown; name = Poppins_Medium.ttf; path = ../assets/fonts/Poppins_Medium.ttf; sourceTree = "<group>"; };
		9E98A5C2521C476D91B0AA87 /* Poppins_Italic.ttf */ = {isa = PBXFileReference; explicitFileType = undefined; fileEncoding = 9; includeInIndex = 0; lastKnownFileType = unknown; name = Poppins_Italic.ttf; path = ../assets/fonts/Poppins_Italic.ttf; sourceTree = "<group>"; };
		9FB8325146964AF3B5CAD90E /* FSAlbertProNarrow_Thin.ttf */ = {isa = PBXFileReference; explicitFileType = undefined; fileEncoding = 9; includeInIndex = 0; lastKnownFileType = unknown; name = FSAlbertProNarrow_Thin.ttf; path = ../assets/fonts/FSAlbertProNarrow_Thin.ttf; sourceTree = "<group>"; };
		B80375A1A0344F4EA105C6DB /* FSAlbertProNarrow_BoldItalic.ttf */ = {isa = PBXFileReference; explicitFileType = undefined; fileEncoding = 9; includeInIndex = 0; lastKnownFileType = unknown; name = FSAlbertProNarrow_BoldItalic.ttf; path = ../assets/fonts/FSAlbertProNarrow_BoldItalic.ttf; sourceTree = "<group>"; };
		CD66638D76F54A2DA1CF07D4 /* FontAwesome.ttf */ = {isa = PBXFileReference; explicitFileType = undefined; fileEncoding = 9; includeInIndex = 0; lastKnownFileType = unknown; name = FontAwesome.ttf; path = "../node_modules/react-native-vector-icons/Fonts/FontAwesome.ttf"; sourceTree = "<group>"; };
		CE5A77617DE9447A9C19ED1A /* Poppins_SemiBold.ttf */ = {isa = PBXFileReference; explicitFileType = undefined; fileEncoding = 9; includeInIndex = 0; lastKnownFileType = unknown; name = Poppins_SemiBold.ttf; path = ../assets/fonts/Poppins_SemiBold.ttf; sourceTree = "<group>"; };
		D556170388A3404CBFD08912 /* Foundation.ttf */ = {isa = PBXFileReference; explicitFileType = undefined; fileEncoding = 9; includeInIndex = 0; lastKnownFileType = unknown; name = Foundation.ttf; path = "../node_modules/react-native-vector-icons/Fonts/Foundation.ttf"; sourceTree = "<group>"; };
		DF7D476DAD6046C0A8DA4E93 /* Poppins_BoldItalic.ttf */ = {isa = PBXFileReference; explicitFileType = undefined; fileEncoding = 9; includeInIndex = 0; lastKnownFileType = unknown; name = Poppins_BoldItalic.ttf; path = ../assets/fonts/Poppins_BoldItalic.ttf; sourceTree = "<group>"; };
		E7BF71A32E004605B453492F /* FSAlbertProNarrow_Bold.ttf */ = {isa = PBXFileReference; explicitFileType = undefined; fileEncoding = 9; includeInIndex = 0; lastKnownFileType = unknown; name = FSAlbertProNarrow_Bold.ttf; path = ../assets/fonts/FSAlbertProNarrow_Bold.ttf; sourceTree = "<group>"; };
		ED297162215061F000B7C4FE /* JavaScriptCore.framework */ = {isa = PBXFileReference; lastKnownFileType = wrapper.framework; name = JavaScriptCore.framework; path = System/Library/Frameworks/JavaScriptCore.framework; sourceTree = SDKROOT; };
		F1731885AF8E4CC3BFC06F43 /* Poppins_Thin.ttf */ = {isa = PBXFileReference; explicitFileType = undefined; fileEncoding = 9; includeInIndex = 0; lastKnownFileType = unknown; name = Poppins_Thin.ttf; path = ../assets/fonts/Poppins_Thin.ttf; sourceTree = "<group>"; };
		F7F719F362CF4884B861BF1D /* Poppins_Regular.ttf */ = {isa = PBXFileReference; explicitFileType = undefined; fileEncoding = 9; includeInIndex = 0; lastKnownFileType = unknown; name = Poppins_Regular.ttf; path = ../assets/fonts/Poppins_Regular.ttf; sourceTree = "<group>"; };
/* End PBXFileReference section */

/* Begin PBXFrameworksBuildPhase section */
		00E356EB1AD99517003FC87E /* Frameworks */ = {
			isa = PBXFrameworksBuildPhase;
			buildActionMask = 2147483647;
			files = (
				7699B88040F8A987B510C191 /* libPods-Mom-MomTests.a in Frameworks */,
			);
			runOnlyForDeploymentPostprocessing = 0;
		};
		13B07F8C1A680F5B00A75B9A /* Frameworks */ = {
			isa = PBXFrameworksBuildPhase;
			buildActionMask = 2147483647;
			files = (
				0C80B921A6F3F58F76C31292 /* libPods-Mom.a in Frameworks */,
			);
			runOnlyForDeploymentPostprocessing = 0;
		};
/* End PBXFrameworksBuildPhase section */

/* Begin PBXGroup section */
		00E356EF1AD99517003FC87E /* MomTests */ = {
			isa = PBXGroup;
			children = (
				00E356F21AD99517003FC87E /* MomTests.m */,
				00E356F01AD99517003FC87E /* Supporting Files */,
			);
			path = MomTests;
			sourceTree = "<group>";
		};
		00E356F01AD99517003FC87E /* Supporting Files */ = {
			isa = PBXGroup;
			children = (
				00E356F11AD99517003FC87E /* Info.plist */,
			);
			name = "Supporting Files";
			sourceTree = "<group>";
		};
		13B07FAE1A68108700A75B9A /* Mom */ = {
			isa = PBXGroup;
			children = (
				13B07FAF1A68108700A75B9A /* AppDelegate.h */,
				13B07FB01A68108700A75B9A /* AppDelegate.mm */,
				13B07FB51A68108700A75B9A /* Images.xcassets */,
				13B07FB61A68108700A75B9A /* Info.plist */,
				81AB9BB72411601600AC10FF /* LaunchScreen.storyboard */,
				13B07FB71A68108700A75B9A /* main.m */,
			);
			name = Mom;
			sourceTree = "<group>";
		};
		2D16E6871FA4F8E400B85C8A /* Frameworks */ = {
			isa = PBXGroup;
			children = (
				ED297162215061F000B7C4FE /* JavaScriptCore.framework */,
				5DCACB8F33CDC322A6C60F78 /* libPods-Mom.a */,
				19F6CBCC0A4E27FBF8BF4A61 /* libPods-Mom-MomTests.a */,
			);
			name = Frameworks;
			sourceTree = "<group>";
		};
		45FA2BE5284960A500B15979 /* fonts */ = {
			isa = PBXGroup;
			children = (
				45FA2BE6284960A500B15979 /* Poppins-ExtraLight.ttf */,
				45FA2BE7284960A500B15979 /* Poppins-ThinItalic.ttf */,
				45FA2BE8284960A500B15979 /* Poppins-ExtraLightItalic.ttf */,
				45FA2BE9284960A500B15979 /* Poppins-BoldItalic.ttf */,
				45FA2BEA284960A500B15979 /* Poppins-Light.ttf */,
				45FA2C1E2849623400B15979 /* FSAlbertProNarrow-Bold.ttf */,
				45FA2C202849623400B15979 /* FSAlbertProNarrow-BoldItalic.ttf */,
				45FA2C1D2849623400B15979 /* FSAlbertProNarrow-Italic.ttf */,
				45FA2C1F2849623400B15979 /* FSAlbertProNarrow-Light.ttf */,
				45FA2C222849623400B15979 /* FSAlbertProNarrow-Thin.ttf */,
				45FA2C1C2849623400B15979 /* FSAlbertProNarrow-ThinItalic.ttf */,
				45FA2C212849623400B15979 /* FSAlbertProNarrow.ttf */,
				45FA2BEB284960A500B15979 /* Poppins-Medium.ttf */,
				45FA2BEC284960A500B15979 /* Poppins-SemiBoldItalic.ttf */,
				45FA2BED284960A500B15979 /* Poppins-ExtraBoldItalic.ttf */,
				45FA2BEE284960A500B15979 /* Poppins-ExtraBold.ttf */,
				45FA2BEF284960A500B15979 /* Poppins-BlackItalic.ttf */,
				45FA2BF0284960A500B15979 /* Poppins-Regular.ttf */,
				45FA2BF1284960A500B15979 /* Poppins-LightItalic.ttf */,
				45FA2BF2284960A500B15979 /* Poppins-Bold.ttf */,
				45FA2BF3284960A500B15979 /* Poppins-Black.ttf */,
				45FA2BF4284960A500B15979 /* Poppins-Thin.ttf */,
				45FA2BF5284960A500B15979 /* Poppins-SemiBold.ttf */,
				45FA2BF6284960A500B15979 /* Poppins-Italic.ttf */,
				45FA2BF7284960A500B15979 /* Poppins-MediumItalic.ttf */,
			);
			path = fonts;
			sourceTree = "<group>";
		};
		832341AE1AAA6A7D00B99B32 /* Libraries */ = {
			isa = PBXGroup;
			children = (
			);
			name = Libraries;
			sourceTree = "<group>";
		};
		83CBB9F61A601CBA00E9B192 = {
			isa = PBXGroup;
			children = (
				45FA2BE5284960A500B15979 /* fonts */,
				13B07FAE1A68108700A75B9A /* Mom */,
				832341AE1AAA6A7D00B99B32 /* Libraries */,
				00E356EF1AD99517003FC87E /* MomTests */,
				83CBBA001A601CBA00E9B192 /* Products */,
				2D16E6871FA4F8E400B85C8A /* Frameworks */,
				BBD78D7AC51CEA395F1C20DB /* Pods */,
				C49B38113B08478BBC5B45DE /* Resources */,
			);
			indentWidth = 2;
			sourceTree = "<group>";
			tabWidth = 2;
			usesTabs = 0;
		};
		83CBBA001A601CBA00E9B192 /* Products */ = {
			isa = PBXGroup;
			children = (
				13B07F961A680F5B00A75B9A /* U Mom.app */,
				00E356EE1AD99517003FC87E /* MomTests.xctest */,
			);
			name = Products;
			sourceTree = "<group>";
		};
		BBD78D7AC51CEA395F1C20DB /* Pods */ = {
			isa = PBXGroup;
			children = (
				3B4392A12AC88292D35C810B /* Pods-Mom.debug.xcconfig */,
				5709B34CF0A7D63546082F79 /* Pods-Mom.release.xcconfig */,
				5B7EB9410499542E8C5724F5 /* Pods-Mom-MomTests.debug.xcconfig */,
				89C6BE57DB24E9ADA2F236DE /* Pods-Mom-MomTests.release.xcconfig */,
			);
			path = Pods;
			sourceTree = "<group>";
		};
		C49B38113B08478BBC5B45DE /* Resources */ = {
			isa = PBXGroup;
			children = (
				E7BF71A32E004605B453492F /* FSAlbertProNarrow_Bold.ttf */,
				B80375A1A0344F4EA105C6DB /* FSAlbertProNarrow_BoldItalic.ttf */,
				4EDF52651EE14CEBB73D19A7 /* FSAlbertProNarrow_Italic.ttf */,
				105B698114E148D99746EFD4 /* FSAlbertProNarrow_Light.ttf */,
				9FB8325146964AF3B5CAD90E /* FSAlbertProNarrow_Thin.ttf */,
				182D69593D9446C79BB61D86 /* FSAlbertProNarrow.ttf */,
				855C841AA34D4CF09F07EA6D /* Poppins_Black.ttf */,
				49D9F45D639E4D1EA756D517 /* Poppins_Bold.ttf */,
				DF7D476DAD6046C0A8DA4E93 /* Poppins_BoldItalic.ttf */,
				9E98A5C2521C476D91B0AA87 /* Poppins_Italic.ttf */,
				05B0E3EC559E4CC7981A745C /* Poppins_Light.ttf */,
				93F8D80BFE6948579900F94E /* Poppins_Medium.ttf */,
				F7F719F362CF4884B861BF1D /* Poppins_Regular.ttf */,
				CE5A77617DE9447A9C19ED1A /* Poppins_SemiBold.ttf */,
				F1731885AF8E4CC3BFC06F43 /* Poppins_Thin.ttf */,
				4C65AC700D58407E973F976F /* AntDesign.ttf */,
				8EE892714A574B9485A8644C /* Entypo.ttf */,
				74D6DC6BA05D4B4E9BF69E88 /* EvilIcons.ttf */,
				3AB35AB2D45B4497904D9043 /* Feather.ttf */,
				CD66638D76F54A2DA1CF07D4 /* FontAwesome.ttf */,
				83985E56B1AC4F41B3A44BE4 /* FontAwesome5_Brands.ttf */,
				21C6EDBBA7F247A19C36560D /* FontAwesome5_Regular.ttf */,
				6703D60E789E4AEE88101E41 /* FontAwesome5_Solid.ttf */,
				5395E5831FC54461A4703E16 /* Fontisto.ttf */,
				D556170388A3404CBFD08912 /* Foundation.ttf */,
				6E933B3832954783B977E56B /* Ionicons.ttf */,
				683B697F19AA4796BFA16398 /* MaterialCommunityIcons.ttf */,
				62BB9AFE5EA7457C81BA53BF /* MaterialIcons.ttf */,
				40F1FDCEA62F4524998079AE /* Octicons.ttf */,
				8AC8FC2C56784FD1A92D87D9 /* SimpleLineIcons.ttf */,
				6BA41BDDA8B746AB825CFCE3 /* Zocial.ttf */,
			);
			name = Resources;
			sourceTree = "<group>";
		};
/* End PBXGroup section */

/* Begin PBXNativeTarget section */
		00E356ED1AD99517003FC87E /* MomTests */ = {
			isa = PBXNativeTarget;
			buildConfigurationList = 00E357021AD99517003FC87E /* Build configuration list for PBXNativeTarget "MomTests" */;
			buildPhases = (
				A55EABD7B0C7F3A422A6CC61 /* [CP] Check Pods Manifest.lock */,
				00E356EA1AD99517003FC87E /* Sources */,
				00E356EB1AD99517003FC87E /* Frameworks */,
				00E356EC1AD99517003FC87E /* Resources */,
				C59DA0FBD6956966B86A3779 /* [CP] Embed Pods Frameworks */,
				F6A41C54EA430FDDC6A6ED99 /* [CP] Copy Pods Resources */,
			);
			buildRules = (
			);
			dependencies = (
				00E356F51AD99517003FC87E /* PBXTargetDependency */,
			);
			name = MomTests;
			productName = MomTests;
			productReference = 00E356EE1AD99517003FC87E /* MomTests.xctest */;
			productType = "com.apple.product-type.bundle.unit-test";
		};
		13B07F861A680F5B00A75B9A /* Mom */ = {
			isa = PBXNativeTarget;
			buildConfigurationList = 13B07F931A680F5B00A75B9A /* Build configuration list for PBXNativeTarget "Mom" */;
			buildPhases = (
				C38B50BA6285516D6DCD4F65 /* [CP] Check Pods Manifest.lock */,
				FD10A7F022414F080027D42C /* Start Packager */,
				13B07F871A680F5B00A75B9A /* Sources */,
				13B07F8C1A680F5B00A75B9A /* Frameworks */,
				13B07F8E1A680F5B00A75B9A /* Resources */,
				00DD1BFF1BD5951E006B06BC /* Bundle React Native code and images */,
				00EEFC60759A1932668264C0 /* [CP] Embed Pods Frameworks */,
				E235C05ADACE081382539298 /* [CP] Copy Pods Resources */,
			);
			buildRules = (
			);
			dependencies = (
			);
			name = Mom;
			productName = Mom;
			productReference = 13B07F961A680F5B00A75B9A /* U Mom.app */;
			productType = "com.apple.product-type.application";
		};
/* End PBXNativeTarget section */

/* Begin PBXProject section */
		83CBB9F71A601CBA00E9B192 /* Project object */ = {
			isa = PBXProject;
			attributes = {
				LastUpgradeCheck = 1210;
				TargetAttributes = {
					00E356ED1AD99517003FC87E = {
						CreatedOnToolsVersion = 6.2;
						TestTargetID = 13B07F861A680F5B00A75B9A;
					};
					13B07F861A680F5B00A75B9A = {
						LastSwiftMigration = 1120;
					};
				};
			};
			buildConfigurationList = 83CBB9FA1A601CBA00E9B192 /* Build configuration list for PBXProject "Mom" */;
			compatibilityVersion = "Xcode 12.0";
			developmentRegion = en;
			hasScannedForEncodings = 0;
			knownRegions = (
				en,
				Base,
			);
			mainGroup = 83CBB9F61A601CBA00E9B192;
			productRefGroup = 83CBBA001A601CBA00E9B192 /* Products */;
			projectDirPath = "";
			projectRoot = "";
			targets = (
				13B07F861A680F5B00A75B9A /* Mom */,
				00E356ED1AD99517003FC87E /* MomTests */,
			);
		};
/* End PBXProject section */

/* Begin PBXResourcesBuildPhase section */
		00E356EC1AD99517003FC87E /* Resources */ = {
			isa = PBXResourcesBuildPhase;
			buildActionMask = 2147483647;
			files = (
				45FA2BFD284960A500B15979 /* Poppins-ExtraLightItalic.ttf in Resources */,
				45FA2C0F284960A500B15979 /* Poppins-LightItalic.ttf in Resources */,
				45FA2C2E2849623400B15979 /* FSAlbertProNarrow.ttf in Resources */,
				45FA2C242849623400B15979 /* FSAlbertProNarrow-ThinItalic.ttf in Resources */,
				45FA2C05284960A500B15979 /* Poppins-SemiBoldItalic.ttf in Resources */,
				45FA2C302849623400B15979 /* FSAlbertProNarrow-Thin.ttf in Resources */,
				45FA2C03284960A500B15979 /* Poppins-Medium.ttf in Resources */,
				45FA2C1B284960A500B15979 /* Poppins-MediumItalic.ttf in Resources */,
				45FA2C0D284960A500B15979 /* Poppins-Regular.ttf in Resources */,
				45FA2C15284960A500B15979 /* Poppins-Thin.ttf in Resources */,
				45FA2C07284960A500B15979 /* Poppins-ExtraBoldItalic.ttf in Resources */,
				45FA2C01284960A500B15979 /* Poppins-Light.ttf in Resources */,
				45FA2C2C2849623400B15979 /* FSAlbertProNarrow-BoldItalic.ttf in Resources */,
				45FA2BFB284960A500B15979 /* Poppins-ThinItalic.ttf in Resources */,
				45FA2C09284960A500B15979 /* Poppins-ExtraBold.ttf in Resources */,
				45FA2C13284960A500B15979 /* Poppins-Black.ttf in Resources */,
				45FA2C282849623400B15979 /* FSAlbertProNarrow-Bold.ttf in Resources */,
				45FA2C11284960A500B15979 /* Poppins-Bold.ttf in Resources */,
				45FA2C19284960A500B15979 /* Poppins-Italic.ttf in Resources */,
				45FA2C262849623400B15979 /* FSAlbertProNarrow-Italic.ttf in Resources */,
				45FA2BF9284960A500B15979 /* Poppins-ExtraLight.ttf in Resources */,
				45CBE3CA2849544A0016C53C /* LaunchScreen.storyboard in Resources */,
				45FA2BFF284960A500B15979 /* Poppins-BoldItalic.ttf in Resources */,
				45FA2C0B284960A500B15979 /* Poppins-BlackItalic.ttf in Resources */,
				45FA2C17284960A500B15979 /* Poppins-SemiBold.ttf in Resources */,
				45FA2C2A2849623400B15979 /* FSAlbertProNarrow-Light.ttf in Resources */,
			);
			runOnlyForDeploymentPostprocessing = 0;
		};
		13B07F8E1A680F5B00A75B9A /* Resources */ = {
			isa = PBXResourcesBuildPhase;
			buildActionMask = 2147483647;
			files = (
				81AB9BB82411601600AC10FF /* LaunchScreen.storyboard in Resources */,
				13B07FBF1A68108700A75B9A /* Images.xcassets in Resources */,
				8E711F34C6C0409DB2EA7551 /* FSAlbertProNarrow_Bold.ttf in Resources */,
				945BF0B997A94511921A0342 /* FSAlbertProNarrow_BoldItalic.ttf in Resources */,
				AF9ACDCEC3224F86B3E5F881 /* FSAlbertProNarrow_Italic.ttf in Resources */,
				9CBC1EF7046F4E37BC21DAEA /* FSAlbertProNarrow_Light.ttf in Resources */,
				2959CF88E0A64C1F995397EC /* FSAlbertProNarrow_Thin.ttf in Resources */,
				1B1BE87959E64D24BF8F1331 /* FSAlbertProNarrow.ttf in Resources */,
				E9095EC859DB454C9C66F225 /* Poppins_Black.ttf in Resources */,
				A4E9875363A84E18BDD5634E /* Poppins_Bold.ttf in Resources */,
				69693B53987B4E538B765B3D /* Poppins_BoldItalic.ttf in Resources */,
				C43C121347354C2BAB0E2509 /* Poppins_Italic.ttf in Resources */,
				E1326558A7794369BA9B3732 /* Poppins_Light.ttf in Resources */,
				0DB1FC309F1E44C8A8F37E88 /* Poppins_Medium.ttf in Resources */,
				81B4B7D848B64830A8B79E64 /* Poppins_Regular.ttf in Resources */,
				01EF6887C8324527BF98AE30 /* Poppins_SemiBold.ttf in Resources */,
				11E4AB25CD0D40E6AD7A3B80 /* Poppins_Thin.ttf in Resources */,
			);
			runOnlyForDeploymentPostprocessing = 0;
		};
/* End PBXResourcesBuildPhase section */

/* Begin PBXShellScriptBuildPhase section */
		00DD1BFF1BD5951E006B06BC /* Bundle React Native code and images */ = {
			isa = PBXShellScriptBuildPhase;
			buildActionMask = 2147483647;
			files = (
			);
			inputPaths = (
			);
			name = "Bundle React Native code and images";
			outputPaths = (
			);
			runOnlyForDeploymentPostprocessing = 0;
			shellPath = /bin/sh;
			shellScript = "set -e\n\nexport NODE_BINARY=node\n../node_modules/react-native/scripts/react-native-xcode.sh\n";
		};
		00EEFC60759A1932668264C0 /* [CP] Embed Pods Frameworks */ = {
			isa = PBXShellScriptBuildPhase;
			buildActionMask = 2147483647;
			files = (
			);
			inputFileListPaths = (
				"${PODS_ROOT}/Target Support Files/Pods-Mom/Pods-Mom-frameworks-${CONFIGURATION}-input-files.xcfilelist",
			);
			name = "[CP] Embed Pods Frameworks";
			outputFileListPaths = (
				"${PODS_ROOT}/Target Support Files/Pods-Mom/Pods-Mom-frameworks-${CONFIGURATION}-output-files.xcfilelist",
			);
			runOnlyForDeploymentPostprocessing = 0;
			shellPath = /bin/sh;
			shellScript = "\"${PODS_ROOT}/Target Support Files/Pods-Mom/Pods-Mom-frameworks.sh\"\n";
			showEnvVarsInLog = 0;
		};
		A55EABD7B0C7F3A422A6CC61 /* [CP] Check Pods Manifest.lock */ = {
			isa = PBXShellScriptBuildPhase;
			buildActionMask = 2147483647;
			files = (
			);
			inputFileListPaths = (
			);
			inputPaths = (
				"${PODS_PODFILE_DIR_PATH}/Podfile.lock",
				"${PODS_ROOT}/Manifest.lock",
			);
			name = "[CP] Check Pods Manifest.lock";
			outputFileListPaths = (
			);
			outputPaths = (
				"$(DERIVED_FILE_DIR)/Pods-Mom-MomTests-checkManifestLockResult.txt",
			);
			runOnlyForDeploymentPostprocessing = 0;
			shellPath = /bin/sh;
			shellScript = "diff \"${PODS_PODFILE_DIR_PATH}/Podfile.lock\" \"${PODS_ROOT}/Manifest.lock\" > /dev/null\nif [ $? != 0 ] ; then\n    # print error to STDERR\n    echo \"error: The sandbox is not in sync with the Podfile.lock. Run 'pod install' or update your CocoaPods installation.\" >&2\n    exit 1\nfi\n# This output is used by Xcode 'outputs' to avoid re-running this script phase.\necho \"SUCCESS\" > \"${SCRIPT_OUTPUT_FILE_0}\"\n";
			showEnvVarsInLog = 0;
		};
		C38B50BA6285516D6DCD4F65 /* [CP] Check Pods Manifest.lock */ = {
			isa = PBXShellScriptBuildPhase;
			buildActionMask = 2147483647;
			files = (
			);
			inputFileListPaths = (
			);
			inputPaths = (
				"${PODS_PODFILE_DIR_PATH}/Podfile.lock",
				"${PODS_ROOT}/Manifest.lock",
			);
			name = "[CP] Check Pods Manifest.lock";
			outputFileListPaths = (
			);
			outputPaths = (
				"$(DERIVED_FILE_DIR)/Pods-Mom-checkManifestLockResult.txt",
			);
			runOnlyForDeploymentPostprocessing = 0;
			shellPath = /bin/sh;
			shellScript = "diff \"${PODS_PODFILE_DIR_PATH}/Podfile.lock\" \"${PODS_ROOT}/Manifest.lock\" > /dev/null\nif [ $? != 0 ] ; then\n    # print error to STDERR\n    echo \"error: The sandbox is not in sync with the Podfile.lock. Run 'pod install' or update your CocoaPods installation.\" >&2\n    exit 1\nfi\n# This output is used by Xcode 'outputs' to avoid re-running this script phase.\necho \"SUCCESS\" > \"${SCRIPT_OUTPUT_FILE_0}\"\n";
			showEnvVarsInLog = 0;
		};
		C59DA0FBD6956966B86A3779 /* [CP] Embed Pods Frameworks */ = {
			isa = PBXShellScriptBuildPhase;
			buildActionMask = 2147483647;
			files = (
			);
			inputFileListPaths = (
				"${PODS_ROOT}/Target Support Files/Pods-Mom-MomTests/Pods-Mom-MomTests-frameworks-${CONFIGURATION}-input-files.xcfilelist",
			);
			name = "[CP] Embed Pods Frameworks";
			outputFileListPaths = (
				"${PODS_ROOT}/Target Support Files/Pods-Mom-MomTests/Pods-Mom-MomTests-frameworks-${CONFIGURATION}-output-files.xcfilelist",
			);
			runOnlyForDeploymentPostprocessing = 0;
			shellPath = /bin/sh;
			shellScript = "\"${PODS_ROOT}/Target Support Files/Pods-Mom-MomTests/Pods-Mom-MomTests-frameworks.sh\"\n";
			showEnvVarsInLog = 0;
		};
		E235C05ADACE081382539298 /* [CP] Copy Pods Resources */ = {
			isa = PBXShellScriptBuildPhase;
			buildActionMask = 2147483647;
			files = (
			);
			inputFileListPaths = (
				"${PODS_ROOT}/Target Support Files/Pods-Mom/Pods-Mom-resources-${CONFIGURATION}-input-files.xcfilelist",
			);
			name = "[CP] Copy Pods Resources";
			outputFileListPaths = (
				"${PODS_ROOT}/Target Support Files/Pods-Mom/Pods-Mom-resources-${CONFIGURATION}-output-files.xcfilelist",
			);
			runOnlyForDeploymentPostprocessing = 0;
			shellPath = /bin/sh;
			shellScript = "\"${PODS_ROOT}/Target Support Files/Pods-Mom/Pods-Mom-resources.sh\"\n";
			showEnvVarsInLog = 0;
		};
		F6A41C54EA430FDDC6A6ED99 /* [CP] Copy Pods Resources */ = {
			isa = PBXShellScriptBuildPhase;
			buildActionMask = 2147483647;
			files = (
			);
			inputFileListPaths = (
				"${PODS_ROOT}/Target Support Files/Pods-Mom-MomTests/Pods-Mom-MomTests-resources-${CONFIGURATION}-input-files.xcfilelist",
			);
			name = "[CP] Copy Pods Resources";
			outputFileListPaths = (
				"${PODS_ROOT}/Target Support Files/Pods-Mom-MomTests/Pods-Mom-MomTests-resources-${CONFIGURATION}-output-files.xcfilelist",
			);
			runOnlyForDeploymentPostprocessing = 0;
			shellPath = /bin/sh;
			shellScript = "\"${PODS_ROOT}/Target Support Files/Pods-Mom-MomTests/Pods-Mom-MomTests-resources.sh\"\n";
			showEnvVarsInLog = 0;
		};
		FD10A7F022414F080027D42C /* Start Packager */ = {
			isa = PBXShellScriptBuildPhase;
			buildActionMask = 2147483647;
			files = (
			);
			inputFileListPaths = (
			);
			inputPaths = (
			);
			name = "Start Packager";
			outputFileListPaths = (
			);
			outputPaths = (
			);
			runOnlyForDeploymentPostprocessing = 0;
			shellPath = /bin/sh;
			shellScript = "export RCT_METRO_PORT=\"${RCT_METRO_PORT:=8081}\"\necho \"export RCT_METRO_PORT=${RCT_METRO_PORT}\" > \"${SRCROOT}/../node_modules/react-native/scripts/.packager.env\"\nif [ -z \"${RCT_NO_LAUNCH_PACKAGER+xxx}\" ] ; then\n  if nc -w 5 -z localhost ${RCT_METRO_PORT} ; then\n    if ! curl -s \"http://localhost:${RCT_METRO_PORT}/status\" | grep -q \"packager-status:running\" ; then\n      echo \"Port ${RCT_METRO_PORT} already in use, packager is either not running or not running correctly\"\n      exit 2\n    fi\n  else\n    open \"$SRCROOT/../node_modules/react-native/scripts/launchPackager.command\" || echo \"Can't start packager automatically\"\n  fi\nfi\n";
			showEnvVarsInLog = 0;
		};
/* End PBXShellScriptBuildPhase section */

/* Begin PBXSourcesBuildPhase section */
		00E356EA1AD99517003FC87E /* Sources */ = {
			isa = PBXSourcesBuildPhase;
			buildActionMask = 2147483647;
			files = (
				00E356F31AD99517003FC87E /* MomTests.m in Sources */,
			);
			runOnlyForDeploymentPostprocessing = 0;
		};
		13B07F871A680F5B00A75B9A /* Sources */ = {
			isa = PBXSourcesBuildPhase;
			buildActionMask = 2147483647;
			files = (
				13B07FBC1A68108700A75B9A /* AppDelegate.mm in Sources */,
				13B07FC11A68108700A75B9A /* main.m in Sources */,
			);
			runOnlyForDeploymentPostprocessing = 0;
		};
/* End PBXSourcesBuildPhase section */

/* Begin PBXTargetDependency section */
		00E356F51AD99517003FC87E /* PBXTargetDependency */ = {
			isa = PBXTargetDependency;
			target = 13B07F861A680F5B00A75B9A /* Mom */;
			targetProxy = 00E356F41AD99517003FC87E /* PBXContainerItemProxy */;
		};
/* End PBXTargetDependency section */

/* Begin XCBuildConfiguration section */
		00E356F61AD99517003FC87E /* Debug */ = {
			isa = XCBuildConfiguration;
			baseConfigurationReference = 5B7EB9410499542E8C5724F5 /* Pods-Mom-MomTests.debug.xcconfig */;
			buildSettings = {
				BUNDLE_LOADER = "$(TEST_HOST)";
				GCC_PREPROCESSOR_DEFINITIONS = (
					"DEBUG=1",
					"$(inherited)",
				);
				INFOPLIST_FILE = MomTests/Info.plist;
				IPHONEOS_DEPLOYMENT_TARGET = 11.0;
				LD_RUNPATH_SEARCH_PATHS = (
					"$(inherited)",
					"@executable_path/Frameworks",
					"@loader_path/Frameworks",
				);
				OTHER_LDFLAGS = (
					"-ObjC",
					"-lc++",
					"$(inherited)",
				);
				PRODUCT_BUNDLE_IDENTIFIER = "org.reactjs.native.example.$(PRODUCT_NAME:rfc1034identifier)";
				PRODUCT_NAME = "$(TARGET_NAME)";
				TEST_HOST = "$(BUILT_PRODUCTS_DIR)/Mom.app/Mom";
			};
			name = Debug;
		};
		00E356F71AD99517003FC87E /* Release */ = {
			isa = XCBuildConfiguration;
			baseConfigurationReference = 89C6BE57DB24E9ADA2F236DE /* Pods-Mom-MomTests.release.xcconfig */;
			buildSettings = {
				BUNDLE_LOADER = "$(TEST_HOST)";
				COPY_PHASE_STRIP = NO;
				INFOPLIST_FILE = MomTests/Info.plist;
				IPHONEOS_DEPLOYMENT_TARGET = 11.0;
				LD_RUNPATH_SEARCH_PATHS = (
					"$(inherited)",
					"@executable_path/Frameworks",
					"@loader_path/Frameworks",
				);
				OTHER_LDFLAGS = (
					"-ObjC",
					"-lc++",
					"$(inherited)",
				);
				PRODUCT_BUNDLE_IDENTIFIER = "org.reactjs.native.example.$(PRODUCT_NAME:rfc1034identifier)";
				PRODUCT_NAME = "$(TARGET_NAME)";
				TEST_HOST = "$(BUILT_PRODUCTS_DIR)/Mom.app/Mom";
			};
			name = Release;
		};
		13B07F941A680F5B00A75B9A /* Debug */ = {
			isa = XCBuildConfiguration;
			baseConfigurationReference = 3B4392A12AC88292D35C810B /* Pods-Mom.debug.xcconfig */;
			buildSettings = {
				ASSETCATALOG_COMPILER_APPICON_NAME = AppIcon;
				CLANG_ENABLE_MODULES = YES;
				CURRENT_PROJECT_VERSION = 13;
				DEVELOPMENT_TEAM = 8AAGU7R55W;
				ENABLE_BITCODE = NO;
				INFOPLIST_FILE = Mom/Info.plist;
				LD_RUNPATH_SEARCH_PATHS = (
					"$(inherited)",
					"@executable_path/Frameworks",
				);
				MARKETING_VERSION = 1.1;
				OTHER_LDFLAGS = (
					"$(inherited)",
					"-ObjC",
					"-lc++",
				);
				PRODUCT_BUNDLE_IDENTIFIER = "com.u-mom";
				PRODUCT_NAME = "U Mom";
				SWIFT_OPTIMIZATION_LEVEL = "-Onone";
				SWIFT_VERSION = 5.0;
				VERSIONING_SYSTEM = "apple-generic";
			};
			name = Debug;
		};
		13B07F951A680F5B00A75B9A /* Release */ = {
			isa = XCBuildConfiguration;
			baseConfigurationReference = 5709B34CF0A7D63546082F79 /* Pods-Mom.release.xcconfig */;
			buildSettings = {
				ASSETCATALOG_COMPILER_APPICON_NAME = AppIcon;
				CLANG_ENABLE_MODULES = YES;
				CURRENT_PROJECT_VERSION = 13;
				DEVELOPMENT_TEAM = 8AAGU7R55W;
				INFOPLIST_FILE = Mom/Info.plist;
				LD_RUNPATH_SEARCH_PATHS = (
					"$(inherited)",
					"@executable_path/Frameworks",
				);
				MARKETING_VERSION = 1.1;
				OTHER_LDFLAGS = (
					"$(inherited)",
					"-ObjC",
					"-lc++",
				);
				PRODUCT_BUNDLE_IDENTIFIER = "com.u-mom";
				PRODUCT_NAME = "U Mom";
				SWIFT_VERSION = 5.0;
				VERSIONING_SYSTEM = "apple-generic";
			};
			name = Release;
		};
		83CBBA201A601CBA00E9B192 /* Debug */ = {
			isa = XCBuildConfiguration;
			buildSettings = {
				ALWAYS_SEARCH_USER_PATHS = NO;
				CLANG_ANALYZER_LOCALIZABILITY_NONLOCALIZED = YES;
				CLANG_CXX_LANGUAGE_STANDARD = "c++17";
				CLANG_CXX_LIBRARY = "libc++";
				CLANG_ENABLE_MODULES = YES;
				CLANG_ENABLE_OBJC_ARC = YES;
				CLANG_WARN_BLOCK_CAPTURE_AUTORELEASING = YES;
				CLANG_WARN_BOOL_CONVERSION = YES;
				CLANG_WARN_COMMA = YES;
				CLANG_WARN_CONSTANT_CONVERSION = YES;
				CLANG_WARN_DEPRECATED_OBJC_IMPLEMENTATIONS = YES;
				CLANG_WARN_DIRECT_OBJC_ISA_USAGE = YES_ERROR;
				CLANG_WARN_EMPTY_BODY = YES;
				CLANG_WARN_ENUM_CONVERSION = YES;
				CLANG_WARN_INFINITE_RECURSION = YES;
				CLANG_WARN_INT_CONVERSION = YES;
				CLANG_WARN_NON_LITERAL_NULL_CONVERSION = YES;
				CLANG_WARN_OBJC_IMPLICIT_RETAIN_SELF = YES;
				CLANG_WARN_OBJC_LITERAL_CONVERSION = YES;
				CLANG_WARN_OBJC_ROOT_CLASS = YES_ERROR;
				CLANG_WARN_QUOTED_INCLUDE_IN_FRAMEWORK_HEADER = YES;
				CLANG_WARN_RANGE_LOOP_ANALYSIS = YES;
				CLANG_WARN_STRICT_PROTOTYPES = YES;
				CLANG_WARN_SUSPICIOUS_MOVE = YES;
				CLANG_WARN_UNREACHABLE_CODE = YES;
				CLANG_WARN__DUPLICATE_METHOD_MATCH = YES;
				"CODE_SIGN_IDENTITY[sdk=iphoneos*]" = "iPhone Developer";
				COPY_PHASE_STRIP = NO;
				ENABLE_STRICT_OBJC_MSGSEND = YES;
				ENABLE_TESTABILITY = YES;
				"EXCLUDED_ARCHS[sdk=iphonesimulator*]" = "";
				GCC_C_LANGUAGE_STANDARD = gnu99;
				GCC_DYNAMIC_NO_PIC = NO;
				GCC_NO_COMMON_BLOCKS = YES;
				GCC_OPTIMIZATION_LEVEL = 0;
				GCC_PREPROCESSOR_DEFINITIONS = (
					"DEBUG=1",
					"$(inherited)",
				);
				GCC_SYMBOLS_PRIVATE_EXTERN = NO;
				GCC_WARN_64_TO_32_BIT_CONVERSION = YES;
				GCC_WARN_ABOUT_RETURN_TYPE = YES_ERROR;
				GCC_WARN_UNDECLARED_SELECTOR = YES;
				GCC_WARN_UNINITIALIZED_AUTOS = YES_AGGRESSIVE;
				GCC_WARN_UNUSED_FUNCTION = YES;
				GCC_WARN_UNUSED_VARIABLE = YES;
				INFOPLIST_KEY_CFBundleDisplayName = "U Mom";
				IPHONEOS_DEPLOYMENT_TARGET = 11.0;
				LD_RUNPATH_SEARCH_PATHS = (
					/usr/lib/swift,
					"$(inherited)",
				);
				LIBRARY_SEARCH_PATHS = (
					"\"$(SDKROOT)/usr/lib/swift\"",
					"\"$(TOOLCHAIN_DIR)/usr/lib/swift/$(PLATFORM_NAME)\"",
					"\"$(inherited)\"",
				);
				MTL_ENABLE_DEBUG_INFO = YES;
				ONLY_ACTIVE_ARCH = YES;
				OTHER_CPLUSPLUSFLAGS = (
					"$(OTHER_CFLAGS)",
					"-DFOLLY_NO_CONFIG",
					"-DFOLLY_MOBILE=1",
					"-DFOLLY_USE_LIBCPP=1",
				);
				PRODUCT_NAME = "U Mom";
				SDKROOT = iphoneos;
			};
			name = Debug;
		};
		83CBBA211A601CBA00E9B192 /* Release */ = {
			isa = XCBuildConfiguration;
			buildSettings = {
				ALWAYS_SEARCH_USER_PATHS = NO;
				CLANG_ANALYZER_LOCALIZABILITY_NONLOCALIZED = YES;
				CLANG_CXX_LANGUAGE_STANDARD = "c++17";
				CLANG_CXX_LIBRARY = "libc++";
				CLANG_ENABLE_MODULES = YES;
				CLANG_ENABLE_OBJC_ARC = YES;
				CLANG_WARN_BLOCK_CAPTURE_AUTORELEASING = YES;
				CLANG_WARN_BOOL_CONVERSION = YES;
				CLANG_WARN_COMMA = YES;
				CLANG_WARN_CONSTANT_CONVERSION = YES;
				CLANG_WARN_DEPRECATED_OBJC_IMPLEMENTATIONS = YES;
				CLANG_WARN_DIRECT_OBJC_ISA_USAGE = YES_ERROR;
				CLANG_WARN_EMPTY_BODY = YES;
				CLANG_WARN_ENUM_CONVERSION = YES;
				CLANG_WARN_INFINITE_RECURSION = YES;
				CLANG_WARN_INT_CONVERSION = YES;
				CLANG_WARN_NON_LITERAL_NULL_CONVERSION = YES;
				CLANG_WARN_OBJC_IMPLICIT_RETAIN_SELF = YES;
				CLANG_WARN_OBJC_LITERAL_CONVERSION = YES;
				CLANG_WARN_OBJC_ROOT_CLASS = YES_ERROR;
				CLANG_WARN_QUOTED_INCLUDE_IN_FRAMEWORK_HEADER = YES;
				CLANG_WARN_RANGE_LOOP_ANALYSIS = YES;
				CLANG_WARN_STRICT_PROTOTYPES = YES;
				CLANG_WARN_SUSPICIOUS_MOVE = YES;
				CLANG_WARN_UNREACHABLE_CODE = YES;
				CLANG_WARN__DUPLICATE_METHOD_MATCH = YES;
				"CODE_SIGN_IDENTITY[sdk=iphoneos*]" = "iPhone Developer";
				COPY_PHASE_STRIP = YES;
				ENABLE_NS_ASSERTIONS = NO;
				ENABLE_STRICT_OBJC_MSGSEND = YES;
				"EXCLUDED_ARCHS[sdk=iphonesimulator*]" = "";
				GCC_C_LANGUAGE_STANDARD = gnu99;
				GCC_NO_COMMON_BLOCKS = YES;
				GCC_WARN_64_TO_32_BIT_CONVERSION = YES;
				GCC_WARN_ABOUT_RETURN_TYPE = YES_ERROR;
				GCC_WARN_UNDECLARED_SELECTOR = YES;
				GCC_WARN_UNINITIALIZED_AUTOS = YES_AGGRESSIVE;
				GCC_WARN_UNUSED_FUNCTION = YES;
				GCC_WARN_UNUSED_VARIABLE = YES;
				INFOPLIST_KEY_CFBundleDisplayName = "U Mom";
				IPHONEOS_DEPLOYMENT_TARGET = 11.0;
				LD_RUNPATH_SEARCH_PATHS = (
					/usr/lib/swift,
					"$(inherited)",
				);
				LIBRARY_SEARCH_PATHS = (
					"\"$(SDKROOT)/usr/lib/swift\"",
					"\"$(TOOLCHAIN_DIR)/usr/lib/swift/$(PLATFORM_NAME)\"",
					"\"$(inherited)\"",
				);
				MTL_ENABLE_DEBUG_INFO = NO;
				OTHER_CPLUSPLUSFLAGS = (
					"$(OTHER_CFLAGS)",
					"-DFOLLY_NO_CONFIG",
					"-DFOLLY_MOBILE=1",
					"-DFOLLY_USE_LIBCPP=1",
				);
				PRODUCT_NAME = "U Mom";
				SDKROOT = iphoneos;
				VALIDATE_PRODUCT = YES;
			};
			name = Release;
		};
/* End XCBuildConfiguration section */

/* Begin XCConfigurationList section */
		00E357021AD99517003FC87E /* Build configuration list for PBXNativeTarget "MomTests" */ = {
			isa = XCConfigurationList;
			buildConfigurations = (
				00E356F61AD99517003FC87E /* Debug */,
				00E356F71AD99517003FC87E /* Release */,
			);
			defaultConfigurationIsVisible = 0;
			defaultConfigurationName = Release;
		};
		13B07F931A680F5B00A75B9A /* Build configuration list for PBXNativeTarget "Mom" */ = {
			isa = XCConfigurationList;
			buildConfigurations = (
				13B07F941A680F5B00A75B9A /* Debug */,
				13B07F951A680F5B00A75B9A /* Release */,
			);
			defaultConfigurationIsVisible = 0;
			defaultConfigurationName = Release;
		};
		83CBB9FA1A601CBA00E9B192 /* Build configuration list for PBXProject "Mom" */ = {
			isa = XCConfigurationList;
			buildConfigurations = (
				83CBBA201A601CBA00E9B192 /* Debug */,
				83CBBA211A601CBA00E9B192 /* Release */,
			);
			defaultConfigurationIsVisible = 0;
			defaultConfigurationName = Release;
		};
/* End XCConfigurationList section */
	};
	rootObject = 83CBB9F71A601CBA00E9B192 /* Project object */;
}
